
Microsoft Visual Studio Solution File, Format Version 12.00
# Visual Studio Version 16
VisualStudioVersion = 16.0.32228.343
MinimumVisualStudioVersion = 10.0.40219.1
Project("{FAE04EC0-301F-11D3-BF4B-00C04F79EFBC}") = "AspNetRazorPages", "AspNetRazorPages\AspNetRazorPages.csproj", "{A2E26038-C949-4A9F-9592-60ED8F56BF9E}"
EndProject
Global
	GlobalSection(SolutionConfigurationPlatforms) = preSolution
		Debug|Any CPU = Debug|Any CPU
		Release|Any CPU = Release|Any CPU
	EndGlobalSection
	GlobalSection(ProjectConfigurationPlatforms) = postSolution
		{A2E26038-C949-4A9F-9592-60ED8F56BF9E}.Debug|Any CPU.ActiveCfg = Debug|Any CPU
		{A2E26038-C949-4A9F-9592-60ED8F56BF9E}.Debug|Any CPU.Build.0 = Debug|Any CPU
		{A2E26038-C949-4A9F-9592-60ED8F56BF9E}.Release|Any CPU.ActiveCfg = Release|Any CPU
		{A2E26038-C949-4A9F-9592-60ED8F56BF9E}.Release|Any CPU.Build.0 = Release|Any CPU
	EndGlobalSection
	GlobalSection(SolutionProperties) = preSolution
		HideSolutionNode = FALSE
	EndGlobalSection
	GlobalSection(ExtensibilityGlobals) = postSolution
		SolutionGuid = {1460634C-DBB0-48CB-8BD6-49C145592E1D}
	EndGlobalSection
EndGlobal
