
Microsoft Visual Studio Solution File, Format Version 12.00
# Visual Studio Version 16
VisualStudioVersion = 16.0.32228.343
MinimumVisualStudioVersion = 10.0.40219.1
Project("{FAE04EC0-301F-11D3-BF4B-00C04F79EFBC}") = "Calculator", "Calculator\Calculator.csproj", "{D257ED45-44FD-438A-841F-EF32E7BE17E9}"
EndProject
Global
	GlobalSection(SolutionConfigurationPlatforms) = preSolution
		Debug|Any CPU = Debug|Any CPU
		Release|Any CPU = Release|Any CPU
	EndGlobalSection
	GlobalSection(ProjectConfigurationPlatforms) = postSolution
		{D257ED45-44FD-438A-841F-EF32E7BE17E9}.Debug|Any CPU.ActiveCfg = Debug|Any CPU
		{D257ED45-44FD-438A-841F-EF32E7BE17E9}.Debug|Any CPU.Build.0 = Debug|Any CPU
		{D257ED45-44FD-438A-841F-EF32E7BE17E9}.Release|Any CPU.ActiveCfg = Release|Any CPU
		{D257ED45-44FD-438A-841F-EF32E7BE17E9}.Release|Any CPU.Build.0 = Release|Any CPU
	EndGlobalSection
	GlobalSection(SolutionProperties) = preSolution
		HideSolutionNode = FALSE
	EndGlobalSection
	GlobalSection(ExtensibilityGlobals) = postSolution
		SolutionGuid = {5D7485B1-3583-4FBF-AFC2-3A26D862208C}
	EndGlobalSection
EndGlobal
