
Microsoft Visual Studio Solution File, Format Version 12.00
# Visual Studio Version 16
VisualStudioVersion = 16.0.32228.343
MinimumVisualStudioVersion = 10.0.40219.1
Project("{FAE04EC0-301F-11D3-BF4B-00C04F79EFBC}") = "DataStructures", "DataStructures\DataStructures.csproj", "{3558DE7A-73DD-405B-AFDC-8445631A8469}"
EndProject
Project("{FAE04EC0-301F-11D3-BF4B-00C04F79EFBC}") = "Stack", "Stack\Stack.csproj", "{3E502F6D-135E-4BBF-A6F1-6347D3D74141}"
EndProject
Project("{FAE04EC0-301F-11D3-BF4B-00C04F79EFBC}") = "Queue", "Queue\Queue.csproj", "{BFB1B7EC-834D-406B-A090-F475C41407D7}"
EndProject
Project("{FAE04EC0-301F-11D3-BF4B-00C04F79EFBC}") = "BinaryTree", "BinaryTree\BinaryTree.csproj", "{4CBF1DA0-FC21-479E-9474-F5A100A6536D}"
EndProject
Project("{FAE04EC0-301F-11D3-BF4B-00C04F79EFBC}") = "Graph", "Graph\Graph.csproj", "{C3E3308B-95E0-4BB5-B168-CABC0871270C}"
EndProject
Global
	GlobalSection(SolutionConfigurationPlatforms) = preSolution
		Debug|Any CPU = Debug|Any CPU
		Release|Any CPU = Release|Any CPU
	EndGlobalSection
	GlobalSection(ProjectConfigurationPlatforms) = postSolution
		{3558DE7A-73DD-405B-AFDC-8445631A8469}.Debug|Any CPU.ActiveCfg = Debug|Any CPU
		{3558DE7A-73DD-405B-AFDC-8445631A8469}.Debug|Any CPU.Build.0 = Debug|Any CPU
		{3558DE7A-73DD-405B-AFDC-8445631A8469}.Release|Any CPU.ActiveCfg = Release|Any CPU
		{3558DE7A-73DD-405B-AFDC-8445631A8469}.Release|Any CPU.Build.0 = Release|Any CPU
		{3E502F6D-135E-4BBF-A6F1-6347D3D74141}.Debug|Any CPU.ActiveCfg = Debug|Any CPU
		{3E502F6D-135E-4BBF-A6F1-6347D3D74141}.Debug|Any CPU.Build.0 = Debug|Any CPU
		{3E502F6D-135E-4BBF-A6F1-6347D3D74141}.Release|Any CPU.ActiveCfg = Release|Any CPU
		{3E502F6D-135E-4BBF-A6F1-6347D3D74141}.Release|Any CPU.Build.0 = Release|Any CPU
		{BFB1B7EC-834D-406B-A090-F475C41407D7}.Debug|Any CPU.ActiveCfg = Debug|Any CPU
		{BFB1B7EC-834D-406B-A090-F475C41407D7}.Debug|Any CPU.Build.0 = Debug|Any CPU
		{BFB1B7EC-834D-406B-A090-F475C41407D7}.Release|Any CPU.ActiveCfg = Release|Any CPU
		{BFB1B7EC-834D-406B-A090-F475C41407D7}.Release|Any CPU.Build.0 = Release|Any CPU
		{4CBF1DA0-FC21-479E-9474-F5A100A6536D}.Debug|Any CPU.ActiveCfg = Debug|Any CPU
		{4CBF1DA0-FC21-479E-9474-F5A100A6536D}.Debug|Any CPU.Build.0 = Debug|Any CPU
		{4CBF1DA0-FC21-479E-9474-F5A100A6536D}.Release|Any CPU.ActiveCfg = Release|Any CPU
		{4CBF1DA0-FC21-479E-9474-F5A100A6536D}.Release|Any CPU.Build.0 = Release|Any CPU
		{C3E3308B-95E0-4BB5-B168-CABC0871270C}.Debug|Any CPU.ActiveCfg = Debug|Any CPU
		{C3E3308B-95E0-4BB5-B168-CABC0871270C}.Debug|Any CPU.Build.0 = Debug|Any CPU
		{C3E3308B-95E0-4BB5-B168-CABC0871270C}.Release|Any CPU.ActiveCfg = Release|Any CPU
		{C3E3308B-95E0-4BB5-B168-CABC0871270C}.Release|Any CPU.Build.0 = Release|Any CPU
	EndGlobalSection
	GlobalSection(SolutionProperties) = preSolution
		HideSolutionNode = FALSE
	EndGlobalSection
	GlobalSection(ExtensibilityGlobals) = postSolution
		SolutionGuid = {A142FEF9-58AB-42FB-A11D-D3C375394B0D}
	EndGlobalSection
EndGlobal
