
Microsoft Visual Studio Solution File, Format Version 12.00
# Visual Studio Version 16
VisualStudioVersion = 16.0.32228.343
MinimumVisualStudioVersion = 10.0.40219.1
Project("{FAE04EC0-301F-11D3-BF4B-00C04F79EFBC}") = "WebApp", "WebApp\WebApp.csproj", "{42609339-1061-45AE-82AC-3F6C87C14274}"
EndProject
Global
	GlobalSection(SolutionConfigurationPlatforms) = preSolution
		Debug|Any CPU = Debug|Any CPU
		Release|Any CPU = Release|Any CPU
	EndGlobalSection
	GlobalSection(ProjectConfigurationPlatforms) = postSolution
		{42609339-1061-45AE-82AC-3F6C87C14274}.Debug|Any CPU.ActiveCfg = Debug|Any CPU
		{42609339-1061-45AE-82AC-3F6C87C14274}.Debug|Any CPU.Build.0 = Debug|Any CPU
		{42609339-1061-45AE-82AC-3F6C87C14274}.Release|Any CPU.ActiveCfg = Release|Any CPU
		{42609339-1061-45AE-82AC-3F6C87C14274}.Release|Any CPU.Build.0 = Release|Any CPU
	EndGlobalSection
	GlobalSection(SolutionProperties) = preSolution
		HideSolutionNode = FALSE
	EndGlobalSection
	GlobalSection(ExtensibilityGlobals) = postSolution
		SolutionGuid = {5010529C-94E8-4BD2-8CD6-B9BAB538C32B}
	EndGlobalSection
EndGlobal
