
Microsoft Visual Studio Solution File, Format Version 12.00
# Visual Studio Version 16
VisualStudioVersion = 16.0.32228.343
MinimumVisualStudioVersion = 10.0.40219.1
Project("{9A19103F-16F7-4668-BE54-9A1E7A4F7556}") = "InterfaceIntro", "InterfaceIntro\InterfaceIntro.csproj", "{A28DB4A3-D464-486E-9504-CE13A9FB1E0F}"
EndProject
Project("{FAE04EC0-301F-11D3-BF4B-00C04F79EFBC}") = "NewShapes", "NewShapes\NewShapes.csproj", "{F978530E-809C-44C1-8BCD-60FBACF23B38}"
EndProject
Global
	GlobalSection(SolutionConfigurationPlatforms) = preSolution
		Debug|Any CPU = Debug|Any CPU
		Release|Any CPU = Release|Any CPU
	EndGlobalSection
	GlobalSection(ProjectConfigurationPlatforms) = postSolution
		{A28DB4A3-D464-486E-9504-CE13A9FB1E0F}.Debug|Any CPU.ActiveCfg = Debug|Any CPU
		{A28DB4A3-D464-486E-9504-CE13A9FB1E0F}.Debug|Any CPU.Build.0 = Debug|Any CPU
		{A28DB4A3-D464-486E-9504-CE13A9FB1E0F}.Release|Any CPU.ActiveCfg = Release|Any CPU
		{A28DB4A3-D464-486E-9504-CE13A9FB1E0F}.Release|Any CPU.Build.0 = Release|Any CPU
		{F978530E-809C-44C1-8BCD-60FBACF23B38}.Debug|Any CPU.ActiveCfg = Debug|Any CPU
		{F978530E-809C-44C1-8BCD-60FBACF23B38}.Debug|Any CPU.Build.0 = Debug|Any CPU
		{F978530E-809C-44C1-8BCD-60FBACF23B38}.Release|Any CPU.ActiveCfg = Release|Any CPU
		{F978530E-809C-44C1-8BCD-60FBACF23B38}.Release|Any CPU.Build.0 = Release|Any CPU
	EndGlobalSection
	GlobalSection(SolutionProperties) = preSolution
		HideSolutionNode = FALSE
	EndGlobalSection
	GlobalSection(ExtensibilityGlobals) = postSolution
		SolutionGuid = {FF4A9DA1-826B-4DE9-A13E-13588F8F308D}
	EndGlobalSection
EndGlobal
